{
    "_readme": [
        "This file locks the dependencies of your project to a known state",
        "Read more about it at https://getcomposer.org/doc/01-basic-usage.md#installing-dependencies",
        "This file is @generated automatically"
    ],
    "content-hash": "e160e4d2aeeaab45c3de8d14c9b757c8",
    "packages": [
        {
            "name": "iyzico/iyzipay-php",
            "version": "v2.0.59",
            "source": {
                "type": "git",
                "url": "https://github.com/iyzico/iyzipay-php.git",
                "reference": "eccfa97465d78143dbe112886baeaf863619c074"
            },
            "dist": {
                "type": "zip",
                "url": "https://api.github.com/repos/iyzico/iyzipay-php/zipball/eccfa97465d78143dbe112886baeaf863619c074",
                "reference": "eccfa97465d78143dbe112886baeaf863619c074",
                "shasum": ""
            },
            "require": {
                "ext-curl": "*",
                "php": ">=7.4.0"
            },
            "require-dev": {
                "phpunit/phpunit": "~9.6",
                "satooshi/php-coveralls": "~0.6.1"
            },
            "type": "library",
            "autoload": {
                "psr-4": {
                    "Iyzipay\\": "src/Iyzipay/"
                }
            },
            "notification-url": "https://packagist.org/downloads/",
            "license": [
                "MIT"
            ],
            "authors": [
                {
                    "name": "iyzico and contributors",
                    "homepage": "https://github.com/iyzico/iyzipay-php/contributors"
                }
            ],
            "description": "iyzipay api php client",
            "homepage": "https://www.iyzico.com",
            "keywords": [
                "iyzico",
                "iyzico.com",
                "iyzipay",
                "iyzipay api",
                "iyzipay api php",
                "iyzipay api php client",
                "iyzipay php",
                "payment processing"
            ],
            "support": {
                "issues": "https://github.com/iyzico/iyzipay-php/issues",
                "source": "https://github.com/iyzico/iyzipay-php/tree/v2.0.59"
            },
            "time": "2025-05-05T14:25:39+00:00"
        },
        {
            "name": "tecnickcom/tcpdf",
            "version": "6.10.0",
            "source": {
                "type": "git",
                "url": "https://github.com/tecnickcom/TCPDF.git",
                "reference": "ca5b6de294512145db96bcbc94e61696599c391d"
            },
            "dist": {
                "type": "zip",
                "url": "https://api.github.com/repos/tecnickcom/TCPDF/zipball/ca5b6de294512145db96bcbc94e61696599c391d",
                "reference": "ca5b6de294512145db96bcbc94e61696599c391d",
                "shasum": ""
            },
            "require": {
                "ext-curl": "*",
                "php": ">=7.1.0"
            },
            "type": "library",
            "autoload": {
                "classmap": [
                    "config",
                    "include",
                    "tcpdf.php",
                    "tcpdf_barcodes_1d.php",
                    "tcpdf_barcodes_2d.php",
                    "include/tcpdf_colors.php",
                    "include/tcpdf_filters.php",
                    "include/tcpdf_font_data.php",
                    "include/tcpdf_fonts.php",
                    "include/tcpdf_images.php",
                    "include/tcpdf_static.php",
                    "include/barcodes/datamatrix.php",
                    "include/barcodes/pdf417.php",
                    "include/barcodes/qrcode.php"
                ]
            },
            "notification-url": "https://packagist.org/downloads/",
            "license": [
                "LGPL-3.0-or-later"
            ],
            "authors": [
                {
                    "name": "Nicola Asuni",
                    "email": "info@tecnick.com",
                    "role": "lead"
                }
            ],
            "description": "TCPDF is a PHP class for generating PDF documents and barcodes.",
            "homepage": "http://www.tcpdf.org/",
            "keywords": [
                "PDFD32000-2008",
                "TCPDF",
                "barcodes",
                "datamatrix",
                "pdf",
                "pdf417",
                "qrcode"
            ],
            "support": {
                "issues": "https://github.com/tecnickcom/TCPDF/issues",
                "source": "https://github.com/tecnickcom/TCPDF/tree/6.10.0"
            },
            "funding": [
                {
                    "url": "https://www.paypal.com/donate/?hosted_button_id=NZUEC5XS8MFBJ",
                    "type": "custom"
                }
            ],
            "time": "2025-05-27T18:02:28+00:00"
        }
    ],
    "packages-dev": [],
    "aliases": [],
    "minimum-stability": "stable",
    "stability-flags": {},
    "prefer-stable": false,
    "prefer-lowest": false,
    "platform": {},
    "platform-dev": {},
    "plugin-api-version": "2.6.0"
}
